
Microsoft Visual Studio Solution File, Format Version 12.00
# Visual Studio 15
VisualStudioVersion = 15.0.28307.136
MinimumVisualStudioVersion = 10.0.40219.1
Project("{FAE04EC0-301F-11D3-BF4B-00C04F79EFBC}") = "RazorUILibrary", "RazorUILibrary\RazorUILibrary.csproj", "{235160DA-B8C5-4573-842F-FFC612A37D9C}"
EndProject
Project("{FAE04EC0-301F-11D3-BF4B-00C04F79EFBC}") = "RazorUILibraryWeb", "RazorUILibraryWeb\RazorUILibraryWeb.csproj", "{B6031798-8575-4769-9783-94998F9A036C}"
EndProject
Global
	GlobalSection(SolutionConfigurationPlatforms) = preSolution
		Debug|Any CPU = Debug|Any CPU
		Release|Any CPU = Release|Any CPU
	EndGlobalSection
	GlobalSection(ProjectConfigurationPlatforms) = postSolution
		{235160DA-B8C5-4573-842F-FFC612A37D9C}.Debug|Any CPU.ActiveCfg = Debug|Any CPU
		{235160DA-B8C5-4573-842F-FFC612A37D9C}.Debug|Any CPU.Build.0 = Debug|Any CPU
		{235160DA-B8C5-4573-842F-FFC612A37D9C}.Release|Any CPU.ActiveCfg = Release|Any CPU
		{235160DA-B8C5-4573-842F-FFC612A37D9C}.Release|Any CPU.Build.0 = Release|Any CPU
		{B6031798-8575-4769-9783-94998F9A036C}.Debug|Any CPU.ActiveCfg = Debug|Any CPU
		{B6031798-8575-4769-9783-94998F9A036C}.Debug|Any CPU.Build.0 = Debug|Any CPU
		{B6031798-8575-4769-9783-94998F9A036C}.Release|Any CPU.ActiveCfg = Release|Any CPU
		{B6031798-8575-4769-9783-94998F9A036C}.Release|Any CPU.Build.0 = Release|Any CPU
	EndGlobalSection
	GlobalSection(SolutionProperties) = preSolution
		HideSolutionNode = FALSE
	EndGlobalSection
	GlobalSection(ExtensibilityGlobals) = postSolution
		SolutionGuid = {B7C78F43-A989-49E0-B0B4-961962892E68}
	EndGlobalSection
EndGlobal
